// !$*UTF8*$!
{
	archiveVersion = 1;
	classes = {
	};
	objectVersion = 56;
	objects = {

/* Begin PBXBuildFile section */
		E8312B0F2BE254D500FD66D1 /* CryptoViewModal.swift in Sources */ = {isa = PBXBuildFile; fileRef = E8312B0E2BE254D500FD66D1 /* CryptoViewModal.swift */; };
		E8312B122BE2593800FD66D1 /* RxCocoa in Frameworks */ = {isa = PBXBuildFile; productRef = E8312B112BE2593800FD66D1 /* RxCocoa */; };
		E8312B142BE2593800FD66D1 /* RxSwift in Frameworks */ = {isa = PBXBuildFile; productRef = E8312B132BE2593800FD66D1 /* RxSwift */; };
		E8CC53A52BE58217006C4252 /* CryptoTableViewCell.swift in Sources */ = {isa = PBXBuildFile; fileRef = E8CC53A42BE58217006C4252 /* CryptoTableViewCell.swift */; };
		E8CE261A2BC02034004A700B /* Crypto.swift in Sources */ = {isa = PBXBuildFile; fileRef = E8CE26192BC02034004A700B /* Crypto.swift */; };
		E8CE261D2BC026DB004A700B /* WebService.swift in Sources */ = {isa = PBXBuildFile; fileRef = E8CE261C2BC026DB004A700B /* WebService.swift */; };
		E8D996722BBD6AB3002B7E40 /* AppDelegate.swift in Sources */ = {isa = PBXBuildFile; fileRef = E8D996712BBD6AB3002B7E40 /* AppDelegate.swift */; };
		E8D996742BBD6AB3002B7E40 /* SceneDelegate.swift in Sources */ = {isa = PBXBuildFile; fileRef = E8D996732BBD6AB3002B7E40 /* SceneDelegate.swift */; };
		E8D996762BBD6AB3002B7E40 /* ViewController.swift in Sources */ = {isa = PBXBuildFile; fileRef = E8D996752BBD6AB3002B7E40 /* ViewController.swift */; };
		E8D996792BBD6AB3002B7E40 /* Base in Resources */ = {isa = PBXBuildFile; fileRef = E8D996782BBD6AB3002B7E40 /* Base */; };
		E8D9967B2BBD6AB4002B7E40 /* Assets.xcassets in Resources */ = {isa = PBXBuildFile; fileRef = E8D9967A2BBD6AB4002B7E40 /* Assets.xcassets */; };
		E8D9967E2BBD6AB4002B7E40 /* Base in Resources */ = {isa = PBXBuildFile; fileRef = E8D9967D2BBD6AB4002B7E40 /* Base */; };
/* End PBXBuildFile section */

/* Begin PBXFileReference section */
		E8312B0E2BE254D500FD66D1 /* CryptoViewModal.swift */ = {isa = PBXFileReference; lastKnownFileType = sourcecode.swift; path = CryptoViewModal.swift; sourceTree = "<group>"; };
		E8CC53A42BE58217006C4252 /* CryptoTableViewCell.swift */ = {isa = PBXFileReference; lastKnownFileType = sourcecode.swift; path = CryptoTableViewCell.swift; sourceTree = "<group>"; };
		E8CE26192BC02034004A700B /* Crypto.swift */ = {isa = PBXFileReference; lastKnownFileType = sourcecode.swift; path = Crypto.swift; sourceTree = "<group>"; };
		E8CE261C2BC026DB004A700B /* WebService.swift */ = {isa = PBXFileReference; lastKnownFileType = sourcecode.swift; path = WebService.swift; sourceTree = "<group>"; };
		E8D9966E2BBD6AB3002B7E40 /* CryptoBloom.app */ = {isa = PBXFileReference; explicitFileType = wrapper.application; includeInIndex = 0; path = CryptoBloom.app; sourceTree = BUILT_PRODUCTS_DIR; };
		E8D996712BBD6AB3002B7E40 /* AppDelegate.swift */ = {isa = PBXFileReference; lastKnownFileType = sourcecode.swift; path = AppDelegate.swift; sourceTree = "<group>"; };
		E8D996732BBD6AB3002B7E40 /* SceneDelegate.swift */ = {isa = PBXFileReference; lastKnownFileType = sourcecode.swift; path = SceneDelegate.swift; sourceTree = "<group>"; };
		E8D996752BBD6AB3002B7E40 /* ViewController.swift */ = {isa = PBXFileReference; lastKnownFileType = sourcecode.swift; path = ViewController.swift; sourceTree = "<group>"; };
		E8D996782BBD6AB3002B7E40 /* Base */ = {isa = PBXFileReference; lastKnownFileType = file.storyboard; name = Base; path = Base.lproj/Main.storyboard; sourceTree = "<group>"; };
		E8D9967A2BBD6AB4002B7E40 /* Assets.xcassets */ = {isa = PBXFileReference; lastKnownFileType = folder.assetcatalog; path = Assets.xcassets; sourceTree = "<group>"; };
		E8D9967D2BBD6AB4002B7E40 /* Base */ = {isa = PBXFileReference; lastKnownFileType = file.storyboard; name = Base; path = Base.lproj/LaunchScreen.storyboard; sourceTree = "<group>"; };
		E8D9967F2BBD6AB4002B7E40 /* Info.plist */ = {isa = PBXFileReference; lastKnownFileType = text.plist.xml; path = Info.plist; sourceTree = "<group>"; };
/* End PBXFileReference section */

/* Begin PBXFrameworksBuildPhase section */
		E8D9966B2BBD6AB3002B7E40 /* Frameworks */ = {
			isa = PBXFrameworksBuildPhase;
			buildActionMask = 2147483647;
			files = (
				E8312B142BE2593800FD66D1 /* RxSwift in Frameworks */,
				E8312B122BE2593800FD66D1 /* RxCocoa in Frameworks */,
			);
			runOnlyForDeploymentPostprocessing = 0;
		};
/* End PBXFrameworksBuildPhase section */

/* Begin PBXGroup section */
		E8CE26152BC01DA9004A700B /* View */ = {
			isa = PBXGroup;
			children = (
				E8D996752BBD6AB3002B7E40 /* ViewController.swift */,
				E8CC53A42BE58217006C4252 /* CryptoTableViewCell.swift */,
			);
			path = View;
			sourceTree = "<group>";
		};
		E8CE26172BC01DD3004A700B /* ViewModel */ = {
			isa = PBXGroup;
			children = (
				E8312B0E2BE254D500FD66D1 /* CryptoViewModal.swift */,
			);
			path = ViewModel;
			sourceTree = "<group>";
		};
		E8CE26182BC01DF7004A700B /* Model */ = {
			isa = PBXGroup;
			children = (
				E8CE26192BC02034004A700B /* Crypto.swift */,
			);
			path = Model;
			sourceTree = "<group>";
		};
		E8CE261B2BC023B1004A700B /* Service */ = {
			isa = PBXGroup;
			children = (
				E8CE261C2BC026DB004A700B /* WebService.swift */,
			);
			path = Service;
			sourceTree = "<group>";
		};
		E8D996652BBD6AB3002B7E40 = {
			isa = PBXGroup;
			children = (
				E8D996702BBD6AB3002B7E40 /* CryptoBloom */,
				E8D9966F2BBD6AB3002B7E40 /* Products */,
			);
			sourceTree = "<group>";
		};
		E8D9966F2BBD6AB3002B7E40 /* Products */ = {
			isa = PBXGroup;
			children = (
				E8D9966E2BBD6AB3002B7E40 /* CryptoBloom.app */,
			);
			name = Products;
			sourceTree = "<group>";
		};
		E8D996702BBD6AB3002B7E40 /* CryptoBloom */ = {
			isa = PBXGroup;
			children = (
				E8CE261B2BC023B1004A700B /* Service */,
				E8CE26182BC01DF7004A700B /* Model */,
				E8CE26152BC01DA9004A700B /* View */,
				E8CE26172BC01DD3004A700B /* ViewModel */,
				E8D996712BBD6AB3002B7E40 /* AppDelegate.swift */,
				E8D996732BBD6AB3002B7E40 /* SceneDelegate.swift */,
				E8D996772BBD6AB3002B7E40 /* Main.storyboard */,
				E8D9967A2BBD6AB4002B7E40 /* Assets.xcassets */,
				E8D9967C2BBD6AB4002B7E40 /* LaunchScreen.storyboard */,
				E8D9967F2BBD6AB4002B7E40 /* Info.plist */,
			);
			path = CryptoBloom;
			sourceTree = "<group>";
		};
/* End PBXGroup section */

/* Begin PBXNativeTarget section */
		E8D9966D2BBD6AB3002B7E40 /* CryptoBloom */ = {
			isa = PBXNativeTarget;
			buildConfigurationList = E8D996822BBD6AB4002B7E40 /* Build configuration list for PBXNativeTarget "CryptoBloom" */;
			buildPhases = (
				E8D9966A2BBD6AB3002B7E40 /* Sources */,
				E8D9966B2BBD6AB3002B7E40 /* Frameworks */,
				E8D9966C2BBD6AB3002B7E40 /* Resources */,
			);
			buildRules = (
			);
			dependencies = (
			);
			name = CryptoBloom;
			packageProductDependencies = (
				E8312B112BE2593800FD66D1 /* RxCocoa */,
				E8312B132BE2593800FD66D1 /* RxSwift */,
			);
			productName = CryptoBloom;
			productReference = E8D9966E2BBD6AB3002B7E40 /* CryptoBloom.app */;
			productType = "com.apple.product-type.application";
		};
/* End PBXNativeTarget section */

/* Begin PBXProject section */
		E8D996662BBD6AB3002B7E40 /* Project object */ = {
			isa = PBXProject;
			attributes = {
				BuildIndependentTargetsInParallel = 1;
				LastSwiftUpdateCheck = 1530;
				LastUpgradeCheck = 1530;
				TargetAttributes = {
					E8D9966D2BBD6AB3002B7E40 = {
						CreatedOnToolsVersion = 15.3;
					};
				};
			};
			buildConfigurationList = E8D996692BBD6AB3002B7E40 /* Build configuration list for PBXProject "CryptoBloom" */;
			compatibilityVersion = "Xcode 14.0";
			developmentRegion = en;
			hasScannedForEncodings = 0;
			knownRegions = (
				en,
				Base,
			);
			mainGroup = E8D996652BBD6AB3002B7E40;
			packageReferences = (
				E8312B102BE2593800FD66D1 /* XCRemoteSwiftPackageReference "RxSwift" */,
			);
			productRefGroup = E8D9966F2BBD6AB3002B7E40 /* Products */;
			projectDirPath = "";
			projectRoot = "";
			targets = (
				E8D9966D2BBD6AB3002B7E40 /* CryptoBloom */,
			);
		};
/* End PBXProject section */

/* Begin PBXResourcesBuildPhase section */
		E8D9966C2BBD6AB3002B7E40 /* Resources */ = {
			isa = PBXResourcesBuildPhase;
			buildActionMask = 2147483647;
			files = (
				E8D9967B2BBD6AB4002B7E40 /* Assets.xcassets in Resources */,
				E8D9967E2BBD6AB4002B7E40 /* Base in Resources */,
				E8D996792BBD6AB3002B7E40 /* Base in Resources */,
			);
			runOnlyForDeploymentPostprocessing = 0;
		};
/* End PBXResourcesBuildPhase section */

/* Begin PBXSourcesBuildPhase section */
		E8D9966A2BBD6AB3002B7E40 /* Sources */ = {
			isa = PBXSourcesBuildPhase;
			buildActionMask = 2147483647;
			files = (
				E8CE261A2BC02034004A700B /* Crypto.swift in Sources */,
				E8312B0F2BE254D500FD66D1 /* CryptoViewModal.swift in Sources */,
				E8D996762BBD6AB3002B7E40 /* ViewController.swift in Sources */,
				E8D996722BBD6AB3002B7E40 /* AppDelegate.swift in Sources */,
				E8CE261D2BC026DB004A700B /* WebService.swift in Sources */,
				E8D996742BBD6AB3002B7E40 /* SceneDelegate.swift in Sources */,
				E8CC53A52BE58217006C4252 /* CryptoTableViewCell.swift in Sources */,
			);
			runOnlyForDeploymentPostprocessing = 0;
		};
/* End PBXSourcesBuildPhase section */

/* Begin PBXVariantGroup section */
		E8D996772BBD6AB3002B7E40 /* Main.storyboard */ = {
			isa = PBXVariantGroup;
			children = (
				E8D996782BBD6AB3002B7E40 /* Base */,
			);
			name = Main.storyboard;
			sourceTree = "<group>";
		};
		E8D9967C2BBD6AB4002B7E40 /* LaunchScreen.storyboard */ = {
			isa = PBXVariantGroup;
			children = (
				E8D9967D2BBD6AB4002B7E40 /* Base */,
			);
			name = LaunchScreen.storyboard;
			sourceTree = "<group>";
		};
/* End PBXVariantGroup section */

/* Begin XCBuildConfiguration section */
		E8D996802BBD6AB4002B7E40 /* Debug */ = {
			isa = XCBuildConfiguration;
			buildSettings = {
				ALWAYS_SEARCH_USER_PATHS = NO;
				ASSETCATALOG_COMPILER_GENERATE_SWIFT_ASSET_SYMBOL_EXTENSIONS = YES;
				CLANG_ANALYZER_NONNULL = YES;
				CLANG_ANALYZER_NUMBER_OBJECT_CONVERSION = YES_AGGRESSIVE;
				CLANG_CXX_LANGUAGE_STANDARD = "gnu++20";
				CLANG_ENABLE_MODULES = YES;
				CLANG_ENABLE_OBJC_ARC = YES;
				CLANG_ENABLE_OBJC_WEAK = YES;
				CLANG_WARN_BLOCK_CAPTURE_AUTORELEASING = YES;
				CLANG_WARN_BOOL_CONVERSION = YES;
				CLANG_WARN_COMMA = YES;
				CLANG_WARN_CONSTANT_CONVERSION = YES;
				CLANG_WARN_DEPRECATED_OBJC_IMPLEMENTATIONS = YES;
				CLANG_WARN_DIRECT_OBJC_ISA_USAGE = YES_ERROR;
				CLANG_WARN_DOCUMENTATION_COMMENTS = YES;
				CLANG_WARN_EMPTY_BODY = YES;
				CLANG_WARN_ENUM_CONVERSION = YES;
				CLANG_WARN_INFINITE_RECURSION = YES;
				CLANG_WARN_INT_CONVERSION = YES;
				CLANG_WARN_NON_LITERAL_NULL_CONVERSION = YES;
				CLANG_WARN_OBJC_IMPLICIT_RETAIN_SELF = YES;
				CLANG_WARN_OBJC_LITERAL_CONVERSION = YES;
				CLANG_WARN_OBJC_ROOT_CLASS = YES_ERROR;
				CLANG_WARN_QUOTED_INCLUDE_IN_FRAMEWORK_HEADER = YES;
				CLANG_WARN_RANGE_LOOP_ANALYSIS = YES;
				CLANG_WARN_STRICT_PROTOTYPES = YES;
				CLANG_WARN_SUSPICIOUS_MOVE = YES;
				CLANG_WARN_UNGUARDED_AVAILABILITY = YES_AGGRESSIVE;
				CLANG_WARN_UNREACHABLE_CODE = YES;
				CLANG_WARN__DUPLICATE_METHOD_MATCH = YES;
				COPY_PHASE_STRIP = NO;
				DEBUG_INFORMATION_FORMAT = dwarf;
				ENABLE_STRICT_OBJC_MSGSEND = YES;
				ENABLE_TESTABILITY = YES;
				ENABLE_USER_SCRIPT_SANDBOXING = YES;
				GCC_C_LANGUAGE_STANDARD = gnu17;
				GCC_DYNAMIC_NO_PIC = NO;
				GCC_NO_COMMON_BLOCKS = YES;
				GCC_OPTIMIZATION_LEVEL = 0;
				GCC_PREPROCESSOR_DEFINITIONS = (
					"DEBUG=1",
					"$(inherited)",
				);
				GCC_WARN_64_TO_32_BIT_CONVERSION = YES;
				GCC_WARN_ABOUT_RETURN_TYPE = YES_ERROR;
				GCC_WARN_UNDECLARED_SELECTOR = YES;
				GCC_WARN_UNINITIALIZED_AUTOS = YES_AGGRESSIVE;
				GCC_WARN_UNUSED_FUNCTION = YES;
				GCC_WARN_UNUSED_VARIABLE = YES;
				IPHONEOS_DEPLOYMENT_TARGET = 17.4;
				LOCALIZATION_PREFERS_STRING_CATALOGS = YES;
				MTL_ENABLE_DEBUG_INFO = INCLUDE_SOURCE;
				MTL_FAST_MATH = YES;
				ONLY_ACTIVE_ARCH = YES;
				SDKROOT = iphoneos;
				SWIFT_ACTIVE_COMPILATION_CONDITIONS = "DEBUG $(inherited)";
				SWIFT_OPTIMIZATION_LEVEL = "-Onone";
			};
			name = Debug;
		};
		E8D996812BBD6AB4002B7E40 /* Release */ = {
			isa = XCBuildConfiguration;
			buildSettings = {
				ALWAYS_SEARCH_USER_PATHS = NO;
				ASSETCATALOG_COMPILER_GENERATE_SWIFT_ASSET_SYMBOL_EXTENSIONS = YES;
				CLANG_ANALYZER_NONNULL = YES;
				CLANG_ANALYZER_NUMBER_OBJECT_CONVERSION = YES_AGGRESSIVE;
				CLANG_CXX_LANGUAGE_STANDARD = "gnu++20";
				CLANG_ENABLE_MODULES = YES;
				CLANG_ENABLE_OBJC_ARC = YES;
				CLANG_ENABLE_OBJC_WEAK = YES;
				CLANG_WARN_BLOCK_CAPTURE_AUTORELEASING = YES;
				CLANG_WARN_BOOL_CONVERSION = YES;
				CLANG_WARN_COMMA = YES;
				CLANG_WARN_CONSTANT_CONVERSION = YES;
				CLANG_WARN_DEPRECATED_OBJC_IMPLEMENTATIONS = YES;
				CLANG_WARN_DIRECT_OBJC_ISA_USAGE = YES_ERROR;
				CLANG_WARN_DOCUMENTATION_COMMENTS = YES;
				CLANG_WARN_EMPTY_BODY = YES;
				CLANG_WARN_ENUM_CONVERSION = YES;
				CLANG_WARN_INFINITE_RECURSION = YES;
				CLANG_WARN_INT_CONVERSION = YES;
				CLANG_WARN_NON_LITERAL_NULL_CONVERSION = YES;
				CLANG_WARN_OBJC_IMPLICIT_RETAIN_SELF = YES;
				CLANG_WARN_OBJC_LITERAL_CONVERSION = YES;
				CLANG_WARN_OBJC_ROOT_CLASS = YES_ERROR;
				CLANG_WARN_QUOTED_INCLUDE_IN_FRAMEWORK_HEADER = YES;
				CLANG_WARN_RANGE_LOOP_ANALYSIS = YES;
				CLANG_WARN_STRICT_PROTOTYPES = YES;
				CLANG_WARN_SUSPICIOUS_MOVE = YES;
				CLANG_WARN_UNGUARDED_AVAILABILITY = YES_AGGRESSIVE;
				CLANG_WARN_UNREACHABLE_CODE = YES;
				CLANG_WARN__DUPLICATE_METHOD_MATCH = YES;
				COPY_PHASE_STRIP = NO;
				DEBUG_INFORMATION_FORMAT = "dwarf-with-dsym";
				ENABLE_NS_ASSERTIONS = NO;
				ENABLE_STRICT_OBJC_MSGSEND = YES;
				ENABLE_USER_SCRIPT_SANDBOXING = YES;
				GCC_C_LANGUAGE_STANDARD = gnu17;
				GCC_NO_COMMON_BLOCKS = YES;
				GCC_WARN_64_TO_32_BIT_CONVERSION = YES;
				GCC_WARN_ABOUT_RETURN_TYPE = YES_ERROR;
				GCC_WARN_UNDECLARED_SELECTOR = YES;
				GCC_WARN_UNINITIALIZED_AUTOS = YES_AGGRESSIVE;
				GCC_WARN_UNUSED_FUNCTION = YES;
				GCC_WARN_UNUSED_VARIABLE = YES;
				IPHONEOS_DEPLOYMENT_TARGET = 17.4;
				LOCALIZATION_PREFERS_STRING_CATALOGS = YES;
				MTL_ENABLE_DEBUG_INFO = NO;
				MTL_FAST_MATH = YES;
				SDKROOT = iphoneos;
				SWIFT_COMPILATION_MODE = wholemodule;
				VALIDATE_PRODUCT = YES;
			};
			name = Release;
		};
		E8D996832BBD6AB4002B7E40 /* Debug */ = {
			isa = XCBuildConfiguration;
			buildSettings = {
				ASSETCATALOG_COMPILER_APPICON_NAME = AppIcon;
				ASSETCATALOG_COMPILER_GLOBAL_ACCENT_COLOR_NAME = AccentColor;
				CODE_SIGN_STYLE = Automatic;
				CURRENT_PROJECT_VERSION = 1;
				DEVELOPMENT_TEAM = 798B8TV68D;
				GENERATE_INFOPLIST_FILE = YES;
				INFOPLIST_FILE = CryptoBloom/Info.plist;
				INFOPLIST_KEY_UIApplicationSupportsIndirectInputEvents = YES;
				INFOPLIST_KEY_UILaunchStoryboardName = LaunchScreen;
				INFOPLIST_KEY_UIMainStoryboardFile = Main;
				INFOPLIST_KEY_UISupportedInterfaceOrientations_iPad = "UIInterfaceOrientationPortrait UIInterfaceOrientationPortraitUpsideDown UIInterfaceOrientationLandscapeLeft UIInterfaceOrientationLandscapeRight";
				INFOPLIST_KEY_UISupportedInterfaceOrientations_iPhone = "UIInterfaceOrientationPortrait UIInterfaceOrientationLandscapeLeft UIInterfaceOrientationLandscapeRight";
				LD_RUNPATH_SEARCH_PATHS = (
					"$(inherited)",
					"@executable_path/Frameworks",
				);
				MARKETING_VERSION = 1.0;
				PRODUCT_BUNDLE_IDENTIFIER = com.erayinal.CryptoBloom;
				PRODUCT_NAME = "$(TARGET_NAME)";
				SWIFT_EMIT_LOC_STRINGS = YES;
				SWIFT_VERSION = 5.0;
				TARGETED_DEVICE_FAMILY = "1,2";
			};
			name = Debug;
		};
		E8D996842BBD6AB4002B7E40 /* Release */ = {
			isa = XCBuildConfiguration;
			buildSettings = {
				ASSETCATALOG_COMPILER_APPICON_NAME = AppIcon;
				ASSETCATALOG_COMPILER_GLOBAL_ACCENT_COLOR_NAME = AccentColor;
				CODE_SIGN_STYLE = Automatic;
				CURRENT_PROJECT_VERSION = 1;
				DEVELOPMENT_TEAM = 798B8TV68D;
				GENERATE_INFOPLIST_FILE = YES;
				INFOPLIST_FILE = CryptoBloom/Info.plist;
				INFOPLIST_KEY_UIApplicationSupportsIndirectInputEvents = YES;
				INFOPLIST_KEY_UILaunchStoryboardName = LaunchScreen;
				INFOPLIST_KEY_UIMainStoryboardFile = Main;
				INFOPLIST_KEY_UISupportedInterfaceOrientations_iPad = "UIInterfaceOrientationPortrait UIInterfaceOrientationPortraitUpsideDown UIInterfaceOrientationLandscapeLeft UIInterfaceOrientationLandscapeRight";
				INFOPLIST_KEY_UISupportedInterfaceOrientations_iPhone = "UIInterfaceOrientationPortrait UIInterfaceOrientationLandscapeLeft UIInterfaceOrientationLandscapeRight";
				LD_RUNPATH_SEARCH_PATHS = (
					"$(inherited)",
					"@executable_path/Frameworks",
				);
				MARKETING_VERSION = 1.0;
				PRODUCT_BUNDLE_IDENTIFIER = com.erayinal.CryptoBloom;
				PRODUCT_NAME = "$(TARGET_NAME)";
				SWIFT_EMIT_LOC_STRINGS = YES;
				SWIFT_VERSION = 5.0;
				TARGETED_DEVICE_FAMILY = "1,2";
			};
			name = Release;
		};
/* End XCBuildConfiguration section */

/* Begin XCConfigurationList section */
		E8D996692BBD6AB3002B7E40 /* Build configuration list for PBXProject "CryptoBloom" */ = {
			isa = XCConfigurationList;
			buildConfigurations = (
				E8D996802BBD6AB4002B7E40 /* Debug */,
				E8D996812BBD6AB4002B7E40 /* Release */,
			);
			defaultConfigurationIsVisible = 0;
			defaultConfigurationName = Release;
		};
		E8D996822BBD6AB4002B7E40 /* Build configuration list for PBXNativeTarget "CryptoBloom" */ = {
			isa = XCConfigurationList;
			buildConfigurations = (
				E8D996832BBD6AB4002B7E40 /* Debug */,
				E8D996842BBD6AB4002B7E40 /* Release */,
			);
			defaultConfigurationIsVisible = 0;
			defaultConfigurationName = Release;
		};
/* End XCConfigurationList section */

/* Begin XCRemoteSwiftPackageReference section */
		E8312B102BE2593800FD66D1 /* XCRemoteSwiftPackageReference "RxSwift" */ = {
			isa = XCRemoteSwiftPackageReference;
			repositoryURL = "https://github.com/ReactiveX/RxSwift.git";
			requirement = {
				kind = upToNextMajorVersion;
				minimumVersion = 6.7.0;
			};
		};
/* End XCRemoteSwiftPackageReference section */

/* Begin XCSwiftPackageProductDependency section */
		E8312B112BE2593800FD66D1 /* RxCocoa */ = {
			isa = XCSwiftPackageProductDependency;
			package = E8312B102BE2593800FD66D1 /* XCRemoteSwiftPackageReference "RxSwift" */;
			productName = RxCocoa;
		};
		E8312B132BE2593800FD66D1 /* RxSwift */ = {
			isa = XCSwiftPackageProductDependency;
			package = E8312B102BE2593800FD66D1 /* XCRemoteSwiftPackageReference "RxSwift" */;
			productName = RxSwift;
		};
/* End XCSwiftPackageProductDependency section */
	};
	rootObject = E8D996662BBD6AB3002B7E40 /* Project object */;
}
